
Microsoft Visual Studio Solution File, Format Version 12.00
# Visual Studio Version 17
VisualStudioVersion = 17.5.002.0
MinimumVisualStudioVersion = 10.0.40219.1
Project("{9A19103F-16F7-4668-BE54-9A1E7A4F7556}") = "automation", "automation.csproj", "{48B97408-16EE-424B-8C90-1CDAEC3E028F}"
EndProject
Global
	GlobalSection(SolutionConfigurationPlatforms) = preSolution
		Debug|Any CPU = Debug|Any CPU
		Release|Any CPU = Release|Any CPU
	EndGlobalSection
	GlobalSection(ProjectConfigurationPlatforms) = postSolution
		{48B97408-16EE-424B-8C90-1CDAEC3E028F}.Debug|Any CPU.ActiveCfg = Debug|Any CPU
		{48B97408-16EE-424B-8C90-1CDAEC3E028F}.Debug|Any CPU.Build.0 = Debug|Any CPU
		{48B97408-16EE-424B-8C90-1CDAEC3E028F}.Release|Any CPU.ActiveCfg = Release|Any CPU
		{48B97408-16EE-424B-8C90-1CDAEC3E028F}.Release|Any CPU.Build.0 = Release|Any CPU
	EndGlobalSection
	GlobalSection(SolutionProperties) = preSolution
		HideSolutionNode = FALSE
	EndGlobalSection
	GlobalSection(ExtensibilityGlobals) = postSolution
		SolutionGuid = {70CD15E1-1894-457A-BA3E-6F0B349349D7}
	EndGlobalSection
EndGlobal
